
Microsoft Visual Studio Solution File, Format Version 12.00
# Visual Studio Version 16
VisualStudioVersion = 16.0.29905.134
MinimumVisualStudioVersion = 10.0.40219.1
Project("{FAE04EC0-301F-11D3-BF4B-00C04F79EFBC}") = "GTS", "SE 307 Project\GTS.csproj", "{56AFFCB6-5049-4C12-9F6A-26511C2BB25B}"
EndProject
Global
	GlobalSection(SolutionConfigurationPlatforms) = preSolution
		Debug|Any CPU = Debug|Any CPU
		Release|Any CPU = Release|Any CPU
	EndGlobalSection
	GlobalSection(ProjectConfigurationPlatforms) = postSolution
		{56AFFCB6-5049-4C12-9F6A-26511C2BB25B}.Debug|Any CPU.ActiveCfg = Debug|Any CPU
		{56AFFCB6-5049-4C12-9F6A-26511C2BB25B}.Debug|Any CPU.Build.0 = Debug|Any CPU
		{56AFFCB6-5049-4C12-9F6A-26511C2BB25B}.Release|Any CPU.ActiveCfg = Release|Any CPU
		{56AFFCB6-5049-4C12-9F6A-26511C2BB25B}.Release|Any CPU.Build.0 = Release|Any CPU
	EndGlobalSection
	GlobalSection(SolutionProperties) = preSolution
		HideSolutionNode = FALSE
	EndGlobalSection
	GlobalSection(ExtensibilityGlobals) = postSolution
		SolutionGuid = {A3D9F1A1-C08E-4B4F-8821-4EB5D9D8D5A5}
	EndGlobalSection
EndGlobal
